
Microsoft Visual Studio Solution File, Format Version 12.00
# Visual Studio Version 16
VisualStudioVersion = 16.0.32002.261
MinimumVisualStudioVersion = 10.0.40219.1
Project("{FAE04EC0-301F-11D3-BF4B-00C04F79EFBC}") = "Flaggy_Bird_Game", "Flaggy_Bird_Game.csproj", "{F68736DC-67CB-46B2-A833-50E1B8818E79}"
EndProject
Global
	GlobalSection(SolutionConfigurationPlatforms) = preSolution
		Debug|Any CPU = Debug|Any CPU
		Release|Any CPU = Release|Any CPU
	EndGlobalSection
	GlobalSection(ProjectConfigurationPlatforms) = postSolution
		{F68736DC-67CB-46B2-A833-50E1B8818E79}.Debug|Any CPU.ActiveCfg = Debug|Any CPU
		{F68736DC-67CB-46B2-A833-50E1B8818E79}.Debug|Any CPU.Build.0 = Debug|Any CPU
		{F68736DC-67CB-46B2-A833-50E1B8818E79}.Release|Any CPU.ActiveCfg = Release|Any CPU
		{F68736DC-67CB-46B2-A833-50E1B8818E79}.Release|Any CPU.Build.0 = Release|Any CPU
	EndGlobalSection
	GlobalSection(SolutionProperties) = preSolution
		HideSolutionNode = FALSE
	EndGlobalSection
	GlobalSection(ExtensibilityGlobals) = postSolution
		SolutionGuid = {4AF6D030-C802-44C6-9410-2249DD0EA1E6}
	EndGlobalSection
EndGlobal
